
Microsoft Visual Studio Solution File, Format Version 12.00
# Visual Studio Version 17
VisualStudioVersion = 17.7.34018.315
MinimumVisualStudioVersion = 10.0.40219.1
Project("{FAE04EC0-301F-11D3-BF4B-00C04F79EFBC}") = "ZRad", "ZRad\ZRad.csproj", "{CAE56270-8F11-47A3-B08F-E864A7D4F7FD}"
EndProject
Project("{FAE04EC0-301F-11D3-BF4B-00C04F79EFBC}") = "OrkanDLL", "OrkanDLL\OrkanDLL.csproj", "{AF664036-183B-41E4-BEE2-A7D5654ADB5C}"
EndProject
Global
	GlobalSection(SolutionConfigurationPlatforms) = preSolution
		Debug|Any CPU = Debug|Any CPU
		Release|Any CPU = Release|Any CPU
	EndGlobalSection
	GlobalSection(ProjectConfigurationPlatforms) = postSolution
		{CAE56270-8F11-47A3-B08F-E864A7D4F7FD}.Debug|Any CPU.ActiveCfg = Debug|Any CPU
		{CAE56270-8F11-47A3-B08F-E864A7D4F7FD}.Debug|Any CPU.Build.0 = Debug|Any CPU
		{CAE56270-8F11-47A3-B08F-E864A7D4F7FD}.Release|Any CPU.ActiveCfg = Release|Any CPU
		{CAE56270-8F11-47A3-B08F-E864A7D4F7FD}.Release|Any CPU.Build.0 = Release|Any CPU
		{AF664036-183B-41E4-BEE2-A7D5654ADB5C}.Debug|Any CPU.ActiveCfg = Debug|Any CPU
		{AF664036-183B-41E4-BEE2-A7D5654ADB5C}.Debug|Any CPU.Build.0 = Debug|Any CPU
		{AF664036-183B-41E4-BEE2-A7D5654ADB5C}.Release|Any CPU.ActiveCfg = Release|Any CPU
		{AF664036-183B-41E4-BEE2-A7D5654ADB5C}.Release|Any CPU.Build.0 = Release|Any CPU
	EndGlobalSection
	GlobalSection(SolutionProperties) = preSolution
		HideSolutionNode = FALSE
	EndGlobalSection
	GlobalSection(ExtensibilityGlobals) = postSolution
		SolutionGuid = {BE210432-021E-4D7D-9099-B783122E5BF1}
	EndGlobalSection
EndGlobal
